
Microsoft Visual Studio Solution File, Format Version 12.00
# Visual Studio Version 17
VisualStudioVersion = 17.14.36109.1
MinimumVisualStudioVersion = 10.0.40219.1
Project("{FAE04EC0-301F-11D3-BF4B-00C04F79EFBC}") = "InputOutput", "InputOutput\InputOutput.csproj", "{355E801F-1DB1-45BB-9EEB-C3C4DD88E8EF}"
EndProject
Project("{FAE04EC0-301F-11D3-BF4B-00C04F79EFBC}") = "WorkList", "WorkList\WorkList.csproj", "{E79F0DDE-E7DA-4B97-8EA7-26DBA7D82F21}"
EndProject
Project("{FAE04EC0-301F-11D3-BF4B-00C04F79EFBC}") = "PregovorMasiv", "PregovorMasiv\PregovorMasiv.csproj", "{DE829C35-487C-4C67-9C70-A7A719108CC6}"
EndProject
Project("{FAE04EC0-301F-11D3-BF4B-00C04F79EFBC}") = "PregovorNaSpusuci", "PregovorNaSpusuci\PregovorNaSpusuci.csproj", "{D159493F-929C-4E49-A292-BCDDDE0D336C}"
EndProject
Project("{FAE04EC0-301F-11D3-BF4B-00C04F79EFBC}") = "Find", "Find\Find.csproj", "{7BBAE4E0-9C76-48C7-9A27-301C0C9547E8}"
EndProject
Project("{FAE04EC0-301F-11D3-BF4B-00C04F79EFBC}") = "MaxCount", "MaxCount\MaxCount.csproj", "{A89AF6D1-9A9B-41A2-AAA3-221A6E6C0FB7}"
EndProject
Project("{FAE04EC0-301F-11D3-BF4B-00C04F79EFBC}") = "RezultataOtTestove", "RezultataOtTestove\RezultataOtTestove.csproj", "{41322D71-3E24-4F0A-A745-2F95DCDF720A}"
EndProject
Global
	GlobalSection(SolutionConfigurationPlatforms) = preSolution
		Debug|Any CPU = Debug|Any CPU
		Release|Any CPU = Release|Any CPU
	EndGlobalSection
	GlobalSection(ProjectConfigurationPlatforms) = postSolution
		{355E801F-1DB1-45BB-9EEB-C3C4DD88E8EF}.Debug|Any CPU.ActiveCfg = Debug|Any CPU
		{355E801F-1DB1-45BB-9EEB-C3C4DD88E8EF}.Debug|Any CPU.Build.0 = Debug|Any CPU
		{355E801F-1DB1-45BB-9EEB-C3C4DD88E8EF}.Release|Any CPU.ActiveCfg = Release|Any CPU
		{355E801F-1DB1-45BB-9EEB-C3C4DD88E8EF}.Release|Any CPU.Build.0 = Release|Any CPU
		{E79F0DDE-E7DA-4B97-8EA7-26DBA7D82F21}.Debug|Any CPU.ActiveCfg = Debug|Any CPU
		{E79F0DDE-E7DA-4B97-8EA7-26DBA7D82F21}.Debug|Any CPU.Build.0 = Debug|Any CPU
		{E79F0DDE-E7DA-4B97-8EA7-26DBA7D82F21}.Release|Any CPU.ActiveCfg = Release|Any CPU
		{E79F0DDE-E7DA-4B97-8EA7-26DBA7D82F21}.Release|Any CPU.Build.0 = Release|Any CPU
		{DE829C35-487C-4C67-9C70-A7A719108CC6}.Debug|Any CPU.ActiveCfg = Debug|Any CPU
		{DE829C35-487C-4C67-9C70-A7A719108CC6}.Debug|Any CPU.Build.0 = Debug|Any CPU
		{DE829C35-487C-4C67-9C70-A7A719108CC6}.Release|Any CPU.ActiveCfg = Release|Any CPU
		{DE829C35-487C-4C67-9C70-A7A719108CC6}.Release|Any CPU.Build.0 = Release|Any CPU
		{D159493F-929C-4E49-A292-BCDDDE0D336C}.Debug|Any CPU.ActiveCfg = Debug|Any CPU
		{D159493F-929C-4E49-A292-BCDDDE0D336C}.Debug|Any CPU.Build.0 = Debug|Any CPU
		{D159493F-929C-4E49-A292-BCDDDE0D336C}.Release|Any CPU.ActiveCfg = Release|Any CPU
		{D159493F-929C-4E49-A292-BCDDDE0D336C}.Release|Any CPU.Build.0 = Release|Any CPU
		{7BBAE4E0-9C76-48C7-9A27-301C0C9547E8}.Debug|Any CPU.ActiveCfg = Debug|Any CPU
		{7BBAE4E0-9C76-48C7-9A27-301C0C9547E8}.Debug|Any CPU.Build.0 = Debug|Any CPU
		{7BBAE4E0-9C76-48C7-9A27-301C0C9547E8}.Release|Any CPU.ActiveCfg = Release|Any CPU
		{7BBAE4E0-9C76-48C7-9A27-301C0C9547E8}.Release|Any CPU.Build.0 = Release|Any CPU
		{A89AF6D1-9A9B-41A2-AAA3-221A6E6C0FB7}.Debug|Any CPU.ActiveCfg = Debug|Any CPU
		{A89AF6D1-9A9B-41A2-AAA3-221A6E6C0FB7}.Debug|Any CPU.Build.0 = Debug|Any CPU
		{A89AF6D1-9A9B-41A2-AAA3-221A6E6C0FB7}.Release|Any CPU.ActiveCfg = Release|Any CPU
		{A89AF6D1-9A9B-41A2-AAA3-221A6E6C0FB7}.Release|Any CPU.Build.0 = Release|Any CPU
		{41322D71-3E24-4F0A-A745-2F95DCDF720A}.Debug|Any CPU.ActiveCfg = Debug|Any CPU
		{41322D71-3E24-4F0A-A745-2F95DCDF720A}.Debug|Any CPU.Build.0 = Debug|Any CPU
		{41322D71-3E24-4F0A-A745-2F95DCDF720A}.Release|Any CPU.ActiveCfg = Release|Any CPU
		{41322D71-3E24-4F0A-A745-2F95DCDF720A}.Release|Any CPU.Build.0 = Release|Any CPU
	EndGlobalSection
	GlobalSection(SolutionProperties) = preSolution
		HideSolutionNode = FALSE
	EndGlobalSection
	GlobalSection(ExtensibilityGlobals) = postSolution
		SolutionGuid = {C12D1100-470C-4C25-A0DE-9E8B17A44C37}
	EndGlobalSection
EndGlobal
